# THIS IS AN AUTOGENERATED FILE. DO NOT EDIT THIS FILE DIRECTLY.
# yarn lockfile v1


flow-bin@^0.62.0:
  version "0.62.0"
  resolved "https://registry.yarnpkg.com/flow-bin/-/flow-bin-0.62.0.tgz#14bca669a6e3f95c0bc0c2d1eb55ec4e98cb1d83"

icalendar@^0.7.1:
  version "0.7.1"
  resolved "https://registry.yarnpkg.com/icalendar/-/icalendar-0.7.1.tgz#d0d3486795f8f1c5cf4f8cafac081b4b4e7a32ae"

pegjs@^0.10.0:
  version "0.10.0"
  resolved "https://registry.yarnpkg.com/pegjs/-/pegjs-0.10.0.tgz#cf8bafae6eddff4b5a7efb185269eaaf4610ddbd"
